
Microsoft Visual Studio Solution File, Format Version 12.00
# Visual Studio Version 17
VisualStudioVersion = 17.11.35222.181
MinimumVisualStudioVersion = 10.0.40219.1
Project("{9A19103F-16F7-4668-BE54-9A1E7A4F7556}") = "WheelFactory", "WheelFactory\WheelFactory.csproj", "{05C720D6-2BEF-4AE0-8CF3-7042CEFEF964}"
EndProject
Project("{9A19103F-16F7-4668-BE54-9A1E7A4F7556}") = "MongoDBUsers", "MongoDBUsers\MongoDBUsers.csproj", "{B073ACC5-C1C9-4C2D-921C-5BD93BDA8771}"
EndProject
Project("{FAE04EC0-301F-11D3-BF4B-00C04F79EFBC}") = "WheelProjectApiTest", "WheelProjectApiTest\WheelProjectApiTest.csproj", "{D5FC74A5-820F-4455-9652-9AC40E61F675}"
EndProject
Global
	GlobalSection(SolutionConfigurationPlatforms) = preSolution
		Debug|Any CPU = Debug|Any CPU
		Release|Any CPU = Release|Any CPU
	EndGlobalSection
	GlobalSection(ProjectConfigurationPlatforms) = postSolution
		{05C720D6-2BEF-4AE0-8CF3-7042CEFEF964}.Debug|Any CPU.ActiveCfg = Debug|Any CPU
		{05C720D6-2BEF-4AE0-8CF3-7042CEFEF964}.Debug|Any CPU.Build.0 = Debug|Any CPU
		{05C720D6-2BEF-4AE0-8CF3-7042CEFEF964}.Release|Any CPU.ActiveCfg = Release|Any CPU
		{05C720D6-2BEF-4AE0-8CF3-7042CEFEF964}.Release|Any CPU.Build.0 = Release|Any CPU
		{B073ACC5-C1C9-4C2D-921C-5BD93BDA8771}.Debug|Any CPU.ActiveCfg = Debug|Any CPU
		{B073ACC5-C1C9-4C2D-921C-5BD93BDA8771}.Debug|Any CPU.Build.0 = Debug|Any CPU
		{B073ACC5-C1C9-4C2D-921C-5BD93BDA8771}.Release|Any CPU.ActiveCfg = Release|Any CPU
		{B073ACC5-C1C9-4C2D-921C-5BD93BDA8771}.Release|Any CPU.Build.0 = Release|Any CPU
		{D5FC74A5-820F-4455-9652-9AC40E61F675}.Debug|Any CPU.ActiveCfg = Debug|Any CPU
		{D5FC74A5-820F-4455-9652-9AC40E61F675}.Debug|Any CPU.Build.0 = Debug|Any CPU
		{D5FC74A5-820F-4455-9652-9AC40E61F675}.Release|Any CPU.ActiveCfg = Release|Any CPU
		{D5FC74A5-820F-4455-9652-9AC40E61F675}.Release|Any CPU.Build.0 = Release|Any CPU
	EndGlobalSection
	GlobalSection(SolutionProperties) = preSolution
		HideSolutionNode = FALSE
	EndGlobalSection
	GlobalSection(ExtensibilityGlobals) = postSolution
		SolutionGuid = {2E645499-11C2-40CA-9A87-3575BB9BCD1C}
	EndGlobalSection
EndGlobal
